// !$*UTF8*$!
{
	archiveVersion = 1;
	classes = {
	};
	objectVersion = 56;
	objects = {

/* Begin PBXBuildFile section */
		442AA2072B077FEA00ECDD0C /* task1ViewController.storyboard in Resources */ = {isa = PBXBuildFile; fileRef = 442AA2062B077FEA00ECDD0C /* task1ViewController.storyboard */; };
		442AA2092B077FF300ECDD0C /* task1ViewController.swift in Sources */ = {isa = PBXBuildFile; fileRef = 442AA2082B077FF300ECDD0C /* task1ViewController.swift */; };
		442AA20B2B07800400ECDD0C /* task2ViewController.storyboard in Resources */ = {isa = PBXBuildFile; fileRef = 442AA20A2B07800400ECDD0C /* task2ViewController.storyboard */; };
		442AA20D2B07800E00ECDD0C /* task2ViewController.swift in Sources */ = {isa = PBXBuildFile; fileRef = 442AA20C2B07800E00ECDD0C /* task2ViewController.swift */; };
		442AA20F2B07801E00ECDD0C /* task3ViewController.storyboard in Resources */ = {isa = PBXBuildFile; fileRef = 442AA20E2B07801E00ECDD0C /* task3ViewController.storyboard */; };
		442AA2112B07803300ECDD0C /* task3ViewController.swift in Sources */ = {isa = PBXBuildFile; fileRef = 442AA2102B07803300ECDD0C /* task3ViewController.swift */; };
		44E3C9122B0A1A4500F0C56D /* PhotoCell.swift in Sources */ = {isa = PBXBuildFile; fileRef = 44E3C9112B0A1A4500F0C56D /* PhotoCell.swift */; };
		44E3C9142B0A1E5100F0C56D /* Source.swift in Sources */ = {isa = PBXBuildFile; fileRef = 44E3C9132B0A1E5100F0C56D /* Source.swift */; };
		44EC713C2B0B8B6200F852EB /* SettingTableViewCell.swift in Sources */ = {isa = PBXBuildFile; fileRef = 44EC713B2B0B8B6200F852EB /* SettingTableViewCell.swift */; };
		44FBD0972AFE05610061F6A7 /* AppDelegate.swift in Sources */ = {isa = PBXBuildFile; fileRef = 44FBD0962AFE05610061F6A7 /* AppDelegate.swift */; };
		44FBD0992AFE05610061F6A7 /* SceneDelegate.swift in Sources */ = {isa = PBXBuildFile; fileRef = 44FBD0982AFE05610061F6A7 /* SceneDelegate.swift */; };
		44FBD09B2AFE05610061F6A7 /* ViewController.swift in Sources */ = {isa = PBXBuildFile; fileRef = 44FBD09A2AFE05610061F6A7 /* ViewController.swift */; };
		44FBD09E2AFE05610061F6A7 /* Main.storyboard in Resources */ = {isa = PBXBuildFile; fileRef = 44FBD09C2AFE05610061F6A7 /* Main.storyboard */; };
		44FBD0A12AFE05610061F6A7 /* ios_homework.xcdatamodeld in Sources */ = {isa = PBXBuildFile; fileRef = 44FBD09F2AFE05610061F6A7 /* ios_homework.xcdatamodeld */; };
		44FBD0A32AFE05630061F6A7 /* Assets.xcassets in Resources */ = {isa = PBXBuildFile; fileRef = 44FBD0A22AFE05630061F6A7 /* Assets.xcassets */; };
		44FBD0A62AFE05630061F6A7 /* LaunchScreen.storyboard in Resources */ = {isa = PBXBuildFile; fileRef = 44FBD0A42AFE05630061F6A7 /* LaunchScreen.storyboard */; };
/* End PBXBuildFile section */

/* Begin PBXFileReference section */
		442AA2062B077FEA00ECDD0C /* task1ViewController.storyboard */ = {isa = PBXFileReference; lastKnownFileType = file.storyboard; path = task1ViewController.storyboard; sourceTree = "<group>"; };
		442AA2082B077FF300ECDD0C /* task1ViewController.swift */ = {isa = PBXFileReference; lastKnownFileType = sourcecode.swift; path = task1ViewController.swift; sourceTree = "<group>"; };
		442AA20A2B07800400ECDD0C /* task2ViewController.storyboard */ = {isa = PBXFileReference; lastKnownFileType = file.storyboard; path = task2ViewController.storyboard; sourceTree = "<group>"; };
		442AA20C2B07800E00ECDD0C /* task2ViewController.swift */ = {isa = PBXFileReference; lastKnownFileType = sourcecode.swift; path = task2ViewController.swift; sourceTree = "<group>"; };
		442AA20E2B07801E00ECDD0C /* task3ViewController.storyboard */ = {isa = PBXFileReference; lastKnownFileType = file.storyboard; path = task3ViewController.storyboard; sourceTree = "<group>"; };
		442AA2102B07803300ECDD0C /* task3ViewController.swift */ = {isa = PBXFileReference; lastKnownFileType = sourcecode.swift; path = task3ViewController.swift; sourceTree = "<group>"; };
		44E3C9112B0A1A4500F0C56D /* PhotoCell.swift */ = {isa = PBXFileReference; lastKnownFileType = sourcecode.swift; path = PhotoCell.swift; sourceTree = "<group>"; };
		44E3C9132B0A1E5100F0C56D /* Source.swift */ = {isa = PBXFileReference; lastKnownFileType = sourcecode.swift; path = Source.swift; sourceTree = "<group>"; };
		44EC713B2B0B8B6200F852EB /* SettingTableViewCell.swift */ = {isa = PBXFileReference; lastKnownFileType = sourcecode.swift; path = SettingTableViewCell.swift; sourceTree = "<group>"; };
		44FBD0932AFE05610061F6A7 /* ios-homework.app */ = {isa = PBXFileReference; explicitFileType = wrapper.application; includeInIndex = 0; path = "ios-homework.app"; sourceTree = BUILT_PRODUCTS_DIR; };
		44FBD0962AFE05610061F6A7 /* AppDelegate.swift */ = {isa = PBXFileReference; lastKnownFileType = sourcecode.swift; path = AppDelegate.swift; sourceTree = "<group>"; };
		44FBD0982AFE05610061F6A7 /* SceneDelegate.swift */ = {isa = PBXFileReference; lastKnownFileType = sourcecode.swift; path = SceneDelegate.swift; sourceTree = "<group>"; };
		44FBD09A2AFE05610061F6A7 /* ViewController.swift */ = {isa = PBXFileReference; lastKnownFileType = sourcecode.swift; path = ViewController.swift; sourceTree = "<group>"; };
		44FBD09D2AFE05610061F6A7 /* Base */ = {isa = PBXFileReference; lastKnownFileType = file.storyboard; name = Base; path = Base.lproj/Main.storyboard; sourceTree = "<group>"; };
		44FBD0A02AFE05610061F6A7 /* ios_homework.xcdatamodel */ = {isa = PBXFileReference; lastKnownFileType = wrapper.xcdatamodel; path = ios_homework.xcdatamodel; sourceTree = "<group>"; };
		44FBD0A22AFE05630061F6A7 /* Assets.xcassets */ = {isa = PBXFileReference; lastKnownFileType = folder.assetcatalog; path = Assets.xcassets; sourceTree = "<group>"; };
		44FBD0A52AFE05630061F6A7 /* Base */ = {isa = PBXFileReference; lastKnownFileType = file.storyboard; name = Base; path = Base.lproj/LaunchScreen.storyboard; sourceTree = "<group>"; };
		44FBD0A72AFE05630061F6A7 /* Info.plist */ = {isa = PBXFileReference; lastKnownFileType = text.plist.xml; path = Info.plist; sourceTree = "<group>"; };
/* End PBXFileReference section */

/* Begin PBXFrameworksBuildPhase section */
		44FBD0902AFE05610061F6A7 /* Frameworks */ = {
			isa = PBXFrameworksBuildPhase;
			buildActionMask = 2147483647;
			files = (
			);
			runOnlyForDeploymentPostprocessing = 0;
		};
/* End PBXFrameworksBuildPhase section */

/* Begin PBXGroup section */
		442AA2032B077FAF00ECDD0C /* task1 */ = {
			isa = PBXGroup;
			children = (
				442AA2062B077FEA00ECDD0C /* task1ViewController.storyboard */,
				442AA2082B077FF300ECDD0C /* task1ViewController.swift */,
				44E3C9112B0A1A4500F0C56D /* PhotoCell.swift */,
				44E3C9132B0A1E5100F0C56D /* Source.swift */,
			);
			path = task1;
			sourceTree = "<group>";
		};
		442AA2042B077FB700ECDD0C /* task2 */ = {
			isa = PBXGroup;
			children = (
				442AA20A2B07800400ECDD0C /* task2ViewController.storyboard */,
				442AA20C2B07800E00ECDD0C /* task2ViewController.swift */,
				44EC713B2B0B8B6200F852EB /* SettingTableViewCell.swift */,
			);
			path = task2;
			sourceTree = "<group>";
		};
		442AA2052B077FBE00ECDD0C /* ttask3 */ = {
			isa = PBXGroup;
			children = (
				442AA20E2B07801E00ECDD0C /* task3ViewController.storyboard */,
				442AA2102B07803300ECDD0C /* task3ViewController.swift */,
			);
			path = ttask3;
			sourceTree = "<group>";
		};
		44FBD08A2AFE05610061F6A7 = {
			isa = PBXGroup;
			children = (
				44FBD0952AFE05610061F6A7 /* ios-homework */,
				44FBD0942AFE05610061F6A7 /* Products */,
			);
			sourceTree = "<group>";
		};
		44FBD0942AFE05610061F6A7 /* Products */ = {
			isa = PBXGroup;
			children = (
				44FBD0932AFE05610061F6A7 /* ios-homework.app */,
			);
			name = Products;
			sourceTree = "<group>";
		};
		44FBD0952AFE05610061F6A7 /* ios-homework */ = {
			isa = PBXGroup;
			children = (
				442AA2052B077FBE00ECDD0C /* ttask3 */,
				442AA2042B077FB700ECDD0C /* task2 */,
				442AA2032B077FAF00ECDD0C /* task1 */,
				44FBD0962AFE05610061F6A7 /* AppDelegate.swift */,
				44FBD0982AFE05610061F6A7 /* SceneDelegate.swift */,
				44FBD09A2AFE05610061F6A7 /* ViewController.swift */,
				44FBD09C2AFE05610061F6A7 /* Main.storyboard */,
				44FBD0A22AFE05630061F6A7 /* Assets.xcassets */,
				44FBD0A42AFE05630061F6A7 /* LaunchScreen.storyboard */,
				44FBD0A72AFE05630061F6A7 /* Info.plist */,
				44FBD09F2AFE05610061F6A7 /* ios_homework.xcdatamodeld */,
			);
			path = "ios-homework";
			sourceTree = "<group>";
		};
/* End PBXGroup section */

/* Begin PBXNativeTarget section */
		44FBD0922AFE05610061F6A7 /* ios-homework */ = {
			isa = PBXNativeTarget;
			buildConfigurationList = 44FBD0AA2AFE05630061F6A7 /* Build configuration list for PBXNativeTarget "ios-homework" */;
			buildPhases = (
				44FBD08F2AFE05610061F6A7 /* Sources */,
				44FBD0902AFE05610061F6A7 /* Frameworks */,
				44FBD0912AFE05610061F6A7 /* Resources */,
			);
			buildRules = (
			);
			dependencies = (
			);
			name = "ios-homework";
			productName = "ios-homework";
			productReference = 44FBD0932AFE05610061F6A7 /* ios-homework.app */;
			productType = "com.apple.product-type.application";
		};
/* End PBXNativeTarget section */

/* Begin PBXProject section */
		44FBD08B2AFE05610061F6A7 /* Project object */ = {
			isa = PBXProject;
			attributes = {
				BuildIndependentTargetsInParallel = 1;
				LastSwiftUpdateCheck = 1500;
				LastUpgradeCheck = 1500;
				TargetAttributes = {
					44FBD0922AFE05610061F6A7 = {
						CreatedOnToolsVersion = 15.0.1;
					};
				};
			};
			buildConfigurationList = 44FBD08E2AFE05610061F6A7 /* Build configuration list for PBXProject "ios-homework" */;
			compatibilityVersion = "Xcode 14.0";
			developmentRegion = en;
			hasScannedForEncodings = 0;
			knownRegions = (
				en,
				Base,
			);
			mainGroup = 44FBD08A2AFE05610061F6A7;
			productRefGroup = 44FBD0942AFE05610061F6A7 /* Products */;
			projectDirPath = "";
			projectRoot = "";
			targets = (
				44FBD0922AFE05610061F6A7 /* ios-homework */,
			);
		};
/* End PBXProject section */

/* Begin PBXResourcesBuildPhase section */
		44FBD0912AFE05610061F6A7 /* Resources */ = {
			isa = PBXResourcesBuildPhase;
			buildActionMask = 2147483647;
			files = (
				442AA20F2B07801E00ECDD0C /* task3ViewController.storyboard in Resources */,
				442AA2072B077FEA00ECDD0C /* task1ViewController.storyboard in Resources */,
				44FBD0A62AFE05630061F6A7 /* LaunchScreen.storyboard in Resources */,
				442AA20B2B07800400ECDD0C /* task2ViewController.storyboard in Resources */,
				44FBD0A32AFE05630061F6A7 /* Assets.xcassets in Resources */,
				44FBD09E2AFE05610061F6A7 /* Main.storyboard in Resources */,
			);
			runOnlyForDeploymentPostprocessing = 0;
		};
/* End PBXResourcesBuildPhase section */

/* Begin PBXSourcesBuildPhase section */
		44FBD08F2AFE05610061F6A7 /* Sources */ = {
			isa = PBXSourcesBuildPhase;
			buildActionMask = 2147483647;
			files = (
				44FBD09B2AFE05610061F6A7 /* ViewController.swift in Sources */,
				44FBD0972AFE05610061F6A7 /* AppDelegate.swift in Sources */,
				442AA2112B07803300ECDD0C /* task3ViewController.swift in Sources */,
				442AA20D2B07800E00ECDD0C /* task2ViewController.swift in Sources */,
				44E3C9122B0A1A4500F0C56D /* PhotoCell.swift in Sources */,
				44EC713C2B0B8B6200F852EB /* SettingTableViewCell.swift in Sources */,
				44E3C9142B0A1E5100F0C56D /* Source.swift in Sources */,
				442AA2092B077FF300ECDD0C /* task1ViewController.swift in Sources */,
				44FBD0992AFE05610061F6A7 /* SceneDelegate.swift in Sources */,
				44FBD0A12AFE05610061F6A7 /* ios_homework.xcdatamodeld in Sources */,
			);
			runOnlyForDeploymentPostprocessing = 0;
		};
/* End PBXSourcesBuildPhase section */

/* Begin PBXVariantGroup section */
		44FBD09C2AFE05610061F6A7 /* Main.storyboard */ = {
			isa = PBXVariantGroup;
			children = (
				44FBD09D2AFE05610061F6A7 /* Base */,
			);
			name = Main.storyboard;
			sourceTree = "<group>";
		};
		44FBD0A42AFE05630061F6A7 /* LaunchScreen.storyboard */ = {
			isa = PBXVariantGroup;
			children = (
				44FBD0A52AFE05630061F6A7 /* Base */,
			);
			name = LaunchScreen.storyboard;
			sourceTree = "<group>";
		};
/* End PBXVariantGroup section */

/* Begin XCBuildConfiguration section */
		44FBD0A82AFE05630061F6A7 /* Debug */ = {
			isa = XCBuildConfiguration;
			buildSettings = {
				ALWAYS_SEARCH_USER_PATHS = NO;
				ASSETCATALOG_COMPILER_GENERATE_SWIFT_ASSET_SYMBOL_EXTENSIONS = YES;
				CLANG_ANALYZER_NONNULL = YES;
				CLANG_ANALYZER_NUMBER_OBJECT_CONVERSION = YES_AGGRESSIVE;
				CLANG_CXX_LANGUAGE_STANDARD = "gnu++20";
				CLANG_ENABLE_MODULES = YES;
				CLANG_ENABLE_OBJC_ARC = YES;
				CLANG_ENABLE_OBJC_WEAK = YES;
				CLANG_WARN_BLOCK_CAPTURE_AUTORELEASING = YES;
				CLANG_WARN_BOOL_CONVERSION = YES;
				CLANG_WARN_COMMA = YES;
				CLANG_WARN_CONSTANT_CONVERSION = YES;
				CLANG_WARN_DEPRECATED_OBJC_IMPLEMENTATIONS = YES;
				CLANG_WARN_DIRECT_OBJC_ISA_USAGE = YES_ERROR;
				CLANG_WARN_DOCUMENTATION_COMMENTS = YES;
				CLANG_WARN_EMPTY_BODY = YES;
				CLANG_WARN_ENUM_CONVERSION = YES;
				CLANG_WARN_INFINITE_RECURSION = YES;
				CLANG_WARN_INT_CONVERSION = YES;
				CLANG_WARN_NON_LITERAL_NULL_CONVERSION = YES;
				CLANG_WARN_OBJC_IMPLICIT_RETAIN_SELF = YES;
				CLANG_WARN_OBJC_LITERAL_CONVERSION = YES;
				CLANG_WARN_OBJC_ROOT_CLASS = YES_ERROR;
				CLANG_WARN_QUOTED_INCLUDE_IN_FRAMEWORK_HEADER = YES;
				CLANG_WARN_RANGE_LOOP_ANALYSIS = YES;
				CLANG_WARN_STRICT_PROTOTYPES = YES;
				CLANG_WARN_SUSPICIOUS_MOVE = YES;
				CLANG_WARN_UNGUARDED_AVAILABILITY = YES_AGGRESSIVE;
				CLANG_WARN_UNREACHABLE_CODE = YES;
				CLANG_WARN__DUPLICATE_METHOD_MATCH = YES;
				COPY_PHASE_STRIP = NO;
				DEBUG_INFORMATION_FORMAT = dwarf;
				ENABLE_STRICT_OBJC_MSGSEND = YES;
				ENABLE_TESTABILITY = YES;
				ENABLE_USER_SCRIPT_SANDBOXING = YES;
				GCC_C_LANGUAGE_STANDARD = gnu17;
				GCC_DYNAMIC_NO_PIC = NO;
				GCC_NO_COMMON_BLOCKS = YES;
				GCC_OPTIMIZATION_LEVEL = 0;
				GCC_PREPROCESSOR_DEFINITIONS = (
					"DEBUG=1",
					"$(inherited)",
				);
				GCC_WARN_64_TO_32_BIT_CONVERSION = YES;
				GCC_WARN_ABOUT_RETURN_TYPE = YES_ERROR;
				GCC_WARN_UNDECLARED_SELECTOR = YES;
				GCC_WARN_UNINITIALIZED_AUTOS = YES_AGGRESSIVE;
				GCC_WARN_UNUSED_FUNCTION = YES;
				GCC_WARN_UNUSED_VARIABLE = YES;
				IPHONEOS_DEPLOYMENT_TARGET = 17.0;
				LOCALIZATION_PREFERS_STRING_CATALOGS = YES;
				MTL_ENABLE_DEBUG_INFO = INCLUDE_SOURCE;
				MTL_FAST_MATH = YES;
				ONLY_ACTIVE_ARCH = YES;
				SDKROOT = iphoneos;
				SWIFT_ACTIVE_COMPILATION_CONDITIONS = "DEBUG $(inherited)";
				SWIFT_OPTIMIZATION_LEVEL = "-Onone";
			};
			name = Debug;
		};
		44FBD0A92AFE05630061F6A7 /* Release */ = {
			isa = XCBuildConfiguration;
			buildSettings = {
				ALWAYS_SEARCH_USER_PATHS = NO;
				ASSETCATALOG_COMPILER_GENERATE_SWIFT_ASSET_SYMBOL_EXTENSIONS = YES;
				CLANG_ANALYZER_NONNULL = YES;
				CLANG_ANALYZER_NUMBER_OBJECT_CONVERSION = YES_AGGRESSIVE;
				CLANG_CXX_LANGUAGE_STANDARD = "gnu++20";
				CLANG_ENABLE_MODULES = YES;
				CLANG_ENABLE_OBJC_ARC = YES;
				CLANG_ENABLE_OBJC_WEAK = YES;
				CLANG_WARN_BLOCK_CAPTURE_AUTORELEASING = YES;
				CLANG_WARN_BOOL_CONVERSION = YES;
				CLANG_WARN_COMMA = YES;
				CLANG_WARN_CONSTANT_CONVERSION = YES;
				CLANG_WARN_DEPRECATED_OBJC_IMPLEMENTATIONS = YES;
				CLANG_WARN_DIRECT_OBJC_ISA_USAGE = YES_ERROR;
				CLANG_WARN_DOCUMENTATION_COMMENTS = YES;
				CLANG_WARN_EMPTY_BODY = YES;
				CLANG_WARN_ENUM_CONVERSION = YES;
				CLANG_WARN_INFINITE_RECURSION = YES;
				CLANG_WARN_INT_CONVERSION = YES;
				CLANG_WARN_NON_LITERAL_NULL_CONVERSION = YES;
				CLANG_WARN_OBJC_IMPLICIT_RETAIN_SELF = YES;
				CLANG_WARN_OBJC_LITERAL_CONVERSION = YES;
				CLANG_WARN_OBJC_ROOT_CLASS = YES_ERROR;
				CLANG_WARN_QUOTED_INCLUDE_IN_FRAMEWORK_HEADER = YES;
				CLANG_WARN_RANGE_LOOP_ANALYSIS = YES;
				CLANG_WARN_STRICT_PROTOTYPES = YES;
				CLANG_WARN_SUSPICIOUS_MOVE = YES;
				CLANG_WARN_UNGUARDED_AVAILABILITY = YES_AGGRESSIVE;
				CLANG_WARN_UNREACHABLE_CODE = YES;
				CLANG_WARN__DUPLICATE_METHOD_MATCH = YES;
				COPY_PHASE_STRIP = NO;
				DEBUG_INFORMATION_FORMAT = "dwarf-with-dsym";
				ENABLE_NS_ASSERTIONS = NO;
				ENABLE_STRICT_OBJC_MSGSEND = YES;
				ENABLE_USER_SCRIPT_SANDBOXING = YES;
				GCC_C_LANGUAGE_STANDARD = gnu17;
				GCC_NO_COMMON_BLOCKS = YES;
				GCC_WARN_64_TO_32_BIT_CONVERSION = YES;
				GCC_WARN_ABOUT_RETURN_TYPE = YES_ERROR;
				GCC_WARN_UNDECLARED_SELECTOR = YES;
				GCC_WARN_UNINITIALIZED_AUTOS = YES_AGGRESSIVE;
				GCC_WARN_UNUSED_FUNCTION = YES;
				GCC_WARN_UNUSED_VARIABLE = YES;
				IPHONEOS_DEPLOYMENT_TARGET = 17.0;
				LOCALIZATION_PREFERS_STRING_CATALOGS = YES;
				MTL_ENABLE_DEBUG_INFO = NO;
				MTL_FAST_MATH = YES;
				SDKROOT = iphoneos;
				SWIFT_COMPILATION_MODE = wholemodule;
				VALIDATE_PRODUCT = YES;
			};
			name = Release;
		};
		44FBD0AB2AFE05630061F6A7 /* Debug */ = {
			isa = XCBuildConfiguration;
			buildSettings = {
				ASSETCATALOG_COMPILER_APPICON_NAME = AppIcon;
				ASSETCATALOG_COMPILER_GLOBAL_ACCENT_COLOR_NAME = AccentColor;
				CODE_SIGN_STYLE = Automatic;
				CURRENT_PROJECT_VERSION = 1;
				DEVELOPMENT_TEAM = GAVDTRGBHR;
				GENERATE_INFOPLIST_FILE = YES;
				INFOPLIST_FILE = "ios-homework/Info.plist";
				INFOPLIST_KEY_UIApplicationSupportsIndirectInputEvents = YES;
				INFOPLIST_KEY_UILaunchStoryboardName = LaunchScreen;
				INFOPLIST_KEY_UIMainStoryboardFile = Main;
				INFOPLIST_KEY_UISupportedInterfaceOrientations_iPad = "UIInterfaceOrientationPortrait UIInterfaceOrientationPortraitUpsideDown UIInterfaceOrientationLandscapeLeft UIInterfaceOrientationLandscapeRight";
				INFOPLIST_KEY_UISupportedInterfaceOrientations_iPhone = "UIInterfaceOrientationPortrait UIInterfaceOrientationLandscapeLeft UIInterfaceOrientationLandscapeRight";
				LD_RUNPATH_SEARCH_PATHS = (
					"$(inherited)",
					"@executable_path/Frameworks",
				);
				MARKETING_VERSION = 1.0;
				PRODUCT_BUNDLE_IDENTIFIER = "ruslan.ios-homework";
				PRODUCT_NAME = "$(TARGET_NAME)";
				SWIFT_EMIT_LOC_STRINGS = YES;
				SWIFT_VERSION = 5.0;
				TARGETED_DEVICE_FAMILY = "1,2";
			};
			name = Debug;
		};
		44FBD0AC2AFE05630061F6A7 /* Release */ = {
			isa = XCBuildConfiguration;
			buildSettings = {
				ASSETCATALOG_COMPILER_APPICON_NAME = AppIcon;
				ASSETCATALOG_COMPILER_GLOBAL_ACCENT_COLOR_NAME = AccentColor;
				CODE_SIGN_STYLE = Automatic;
				CURRENT_PROJECT_VERSION = 1;
				DEVELOPMENT_TEAM = GAVDTRGBHR;
				GENERATE_INFOPLIST_FILE = YES;
				INFOPLIST_FILE = "ios-homework/Info.plist";
				INFOPLIST_KEY_UIApplicationSupportsIndirectInputEvents = YES;
				INFOPLIST_KEY_UILaunchStoryboardName = LaunchScreen;
				INFOPLIST_KEY_UIMainStoryboardFile = Main;
				INFOPLIST_KEY_UISupportedInterfaceOrientations_iPad = "UIInterfaceOrientationPortrait UIInterfaceOrientationPortraitUpsideDown UIInterfaceOrientationLandscapeLeft UIInterfaceOrientationLandscapeRight";
				INFOPLIST_KEY_UISupportedInterfaceOrientations_iPhone = "UIInterfaceOrientationPortrait UIInterfaceOrientationLandscapeLeft UIInterfaceOrientationLandscapeRight";
				LD_RUNPATH_SEARCH_PATHS = (
					"$(inherited)",
					"@executable_path/Frameworks",
				);
				MARKETING_VERSION = 1.0;
				PRODUCT_BUNDLE_IDENTIFIER = "ruslan.ios-homework";
				PRODUCT_NAME = "$(TARGET_NAME)";
				SWIFT_EMIT_LOC_STRINGS = YES;
				SWIFT_VERSION = 5.0;
				TARGETED_DEVICE_FAMILY = "1,2";
			};
			name = Release;
		};
/* End XCBuildConfiguration section */

/* Begin XCConfigurationList section */
		44FBD08E2AFE05610061F6A7 /* Build configuration list for PBXProject "ios-homework" */ = {
			isa = XCConfigurationList;
			buildConfigurations = (
				44FBD0A82AFE05630061F6A7 /* Debug */,
				44FBD0A92AFE05630061F6A7 /* Release */,
			);
			defaultConfigurationIsVisible = 0;
			defaultConfigurationName = Release;
		};
		44FBD0AA2AFE05630061F6A7 /* Build configuration list for PBXNativeTarget "ios-homework" */ = {
			isa = XCConfigurationList;
			buildConfigurations = (
				44FBD0AB2AFE05630061F6A7 /* Debug */,
				44FBD0AC2AFE05630061F6A7 /* Release */,
			);
			defaultConfigurationIsVisible = 0;
			defaultConfigurationName = Release;
		};
/* End XCConfigurationList section */

/* Begin XCVersionGroup section */
		44FBD09F2AFE05610061F6A7 /* ios_homework.xcdatamodeld */ = {
			isa = XCVersionGroup;
			children = (
				44FBD0A02AFE05610061F6A7 /* ios_homework.xcdatamodel */,
			);
			currentVersion = 44FBD0A02AFE05610061F6A7 /* ios_homework.xcdatamodel */;
			path = ios_homework.xcdatamodeld;
			sourceTree = "<group>";
			versionGroupType = wrapper.xcdatamodel;
		};
/* End XCVersionGroup section */
	};
	rootObject = 44FBD08B2AFE05610061F6A7 /* Project object */;
}
