// !$*UTF8*$!
{
	archiveVersion = 1;
	classes = {
	};
	objectVersion = 56;
	objects = {

/* Begin PBXBuildFile section */
		4414896B2B0248E200A49BB5 /* task1ViewController.swift in Sources */ = {isa = PBXBuildFile; fileRef = 4414896A2B0248E200A49BB5 /* task1ViewController.swift */; };
		4414896D2B02522B00A49BB5 /* GreenViewController.swift in Sources */ = {isa = PBXBuildFile; fileRef = 4414896C2B02522B00A49BB5 /* GreenViewController.swift */; };
		4414896F2B025A5200A49BB5 /* task2ViewController.swift in Sources */ = {isa = PBXBuildFile; fileRef = 4414896E2B025A5200A49BB5 /* task2ViewController.swift */; };
		441489712B025C6F00A49BB5 /* ChangeColorViewController.swift in Sources */ = {isa = PBXBuildFile; fileRef = 441489702B025C6F00A49BB5 /* ChangeColorViewController.swift */; };
		441489732B026D5A00A49BB5 /* task3ViewController.swift in Sources */ = {isa = PBXBuildFile; fileRef = 441489722B026D5A00A49BB5 /* task3ViewController.swift */; };
		441489752B026D6B00A49BB5 /* ViewConteiner.swift in Sources */ = {isa = PBXBuildFile; fileRef = 441489742B026D6B00A49BB5 /* ViewConteiner.swift */; };
		447058CA2B02991D006AB7C1 /* ChildViewController.swift in Sources */ = {isa = PBXBuildFile; fileRef = 447058C92B02991D006AB7C1 /* ChildViewController.swift */; };
		44BC15072B0243120022EFE7 /* TabBarController.swift in Sources */ = {isa = PBXBuildFile; fileRef = 44BC15062B0243120022EFE7 /* TabBarController.swift */; };
		44FBD0972AFE05610061F6A7 /* AppDelegate.swift in Sources */ = {isa = PBXBuildFile; fileRef = 44FBD0962AFE05610061F6A7 /* AppDelegate.swift */; };
		44FBD0992AFE05610061F6A7 /* SceneDelegate.swift in Sources */ = {isa = PBXBuildFile; fileRef = 44FBD0982AFE05610061F6A7 /* SceneDelegate.swift */; };
		44FBD09B2AFE05610061F6A7 /* ViewController.swift in Sources */ = {isa = PBXBuildFile; fileRef = 44FBD09A2AFE05610061F6A7 /* ViewController.swift */; };
		44FBD09E2AFE05610061F6A7 /* Main.storyboard in Resources */ = {isa = PBXBuildFile; fileRef = 44FBD09C2AFE05610061F6A7 /* Main.storyboard */; };
		44FBD0A12AFE05610061F6A7 /* ios_homework.xcdatamodeld in Sources */ = {isa = PBXBuildFile; fileRef = 44FBD09F2AFE05610061F6A7 /* ios_homework.xcdatamodeld */; };
		44FBD0A32AFE05630061F6A7 /* Assets.xcassets in Resources */ = {isa = PBXBuildFile; fileRef = 44FBD0A22AFE05630061F6A7 /* Assets.xcassets */; };
		44FBD0A62AFE05630061F6A7 /* LaunchScreen.storyboard in Resources */ = {isa = PBXBuildFile; fileRef = 44FBD0A42AFE05630061F6A7 /* LaunchScreen.storyboard */; };
/* End PBXBuildFile section */

/* Begin PBXFileReference section */
		4414896A2B0248E200A49BB5 /* task1ViewController.swift */ = {isa = PBXFileReference; lastKnownFileType = sourcecode.swift; name = task1ViewController.swift; path = "ios-homework/task1ViewController.swift"; sourceTree = SOURCE_ROOT; };
		4414896C2B02522B00A49BB5 /* GreenViewController.swift */ = {isa = PBXFileReference; lastKnownFileType = sourcecode.swift; path = GreenViewController.swift; sourceTree = "<group>"; };
		4414896E2B025A5200A49BB5 /* task2ViewController.swift */ = {isa = PBXFileReference; lastKnownFileType = sourcecode.swift; path = task2ViewController.swift; sourceTree = "<group>"; };
		441489702B025C6F00A49BB5 /* ChangeColorViewController.swift */ = {isa = PBXFileReference; lastKnownFileType = sourcecode.swift; path = ChangeColorViewController.swift; sourceTree = "<group>"; };
		441489722B026D5A00A49BB5 /* task3ViewController.swift */ = {isa = PBXFileReference; lastKnownFileType = sourcecode.swift; path = task3ViewController.swift; sourceTree = "<group>"; };
		441489742B026D6B00A49BB5 /* ViewConteiner.swift */ = {isa = PBXFileReference; lastKnownFileType = sourcecode.swift; path = ViewConteiner.swift; sourceTree = "<group>"; };
		447058C92B02991D006AB7C1 /* ChildViewController.swift */ = {isa = PBXFileReference; lastKnownFileType = sourcecode.swift; path = ChildViewController.swift; sourceTree = "<group>"; };
		44BC15062B0243120022EFE7 /* TabBarController.swift */ = {isa = PBXFileReference; lastKnownFileType = sourcecode.swift; path = TabBarController.swift; sourceTree = "<group>"; };
		44FBD0932AFE05610061F6A7 /* ios-homework.app */ = {isa = PBXFileReference; explicitFileType = wrapper.application; includeInIndex = 0; path = "ios-homework.app"; sourceTree = BUILT_PRODUCTS_DIR; };
		44FBD0962AFE05610061F6A7 /* AppDelegate.swift */ = {isa = PBXFileReference; lastKnownFileType = sourcecode.swift; path = AppDelegate.swift; sourceTree = "<group>"; };
		44FBD0982AFE05610061F6A7 /* SceneDelegate.swift */ = {isa = PBXFileReference; lastKnownFileType = sourcecode.swift; path = SceneDelegate.swift; sourceTree = "<group>"; };
		44FBD09A2AFE05610061F6A7 /* ViewController.swift */ = {isa = PBXFileReference; lastKnownFileType = sourcecode.swift; path = ViewController.swift; sourceTree = "<group>"; };
		44FBD09D2AFE05610061F6A7 /* Base */ = {isa = PBXFileReference; lastKnownFileType = file.storyboard; name = Base; path = Base.lproj/Main.storyboard; sourceTree = "<group>"; };
		44FBD0A02AFE05610061F6A7 /* ios_homework.xcdatamodel */ = {isa = PBXFileReference; lastKnownFileType = wrapper.xcdatamodel; path = ios_homework.xcdatamodel; sourceTree = "<group>"; };
		44FBD0A22AFE05630061F6A7 /* Assets.xcassets */ = {isa = PBXFileReference; lastKnownFileType = folder.assetcatalog; path = Assets.xcassets; sourceTree = "<group>"; };
		44FBD0A52AFE05630061F6A7 /* Base */ = {isa = PBXFileReference; lastKnownFileType = file.storyboard; name = Base; path = Base.lproj/LaunchScreen.storyboard; sourceTree = "<group>"; };
		44FBD0A72AFE05630061F6A7 /* Info.plist */ = {isa = PBXFileReference; lastKnownFileType = text.plist.xml; path = Info.plist; sourceTree = "<group>"; };
/* End PBXFileReference section */

/* Begin PBXFrameworksBuildPhase section */
		44FBD0902AFE05610061F6A7 /* Frameworks */ = {
			isa = PBXFrameworksBuildPhase;
			buildActionMask = 2147483647;
			files = (
			);
			runOnlyForDeploymentPostprocessing = 0;
		};
/* End PBXFrameworksBuildPhase section */

/* Begin PBXGroup section */
		44FBD08A2AFE05610061F6A7 = {
			isa = PBXGroup;
			children = (
				44FBD0952AFE05610061F6A7 /* ios-homework */,
				44FBD0942AFE05610061F6A7 /* Products */,
			);
			sourceTree = "<group>";
		};
		44FBD0942AFE05610061F6A7 /* Products */ = {
			isa = PBXGroup;
			children = (
				44FBD0932AFE05610061F6A7 /* ios-homework.app */,
			);
			name = Products;
			sourceTree = "<group>";
		};
		44FBD0952AFE05610061F6A7 /* ios-homework */ = {
			isa = PBXGroup;
			children = (
				44FBD0962AFE05610061F6A7 /* AppDelegate.swift */,
				44FBD0982AFE05610061F6A7 /* SceneDelegate.swift */,
				44FBD09A2AFE05610061F6A7 /* ViewController.swift */,
				44FBD09C2AFE05610061F6A7 /* Main.storyboard */,
				441489722B026D5A00A49BB5 /* task3ViewController.swift */,
				447058C92B02991D006AB7C1 /* ChildViewController.swift */,
				441489742B026D6B00A49BB5 /* ViewConteiner.swift */,
				441489702B025C6F00A49BB5 /* ChangeColorViewController.swift */,
				4414896A2B0248E200A49BB5 /* task1ViewController.swift */,
				4414896E2B025A5200A49BB5 /* task2ViewController.swift */,
				4414896C2B02522B00A49BB5 /* GreenViewController.swift */,
				44BC15062B0243120022EFE7 /* TabBarController.swift */,
				44FBD0A22AFE05630061F6A7 /* Assets.xcassets */,
				44FBD0A42AFE05630061F6A7 /* LaunchScreen.storyboard */,
				44FBD0A72AFE05630061F6A7 /* Info.plist */,
				44FBD09F2AFE05610061F6A7 /* ios_homework.xcdatamodeld */,
			);
			path = "ios-homework";
			sourceTree = "<group>";
		};
/* End PBXGroup section */

/* Begin PBXNativeTarget section */
		44FBD0922AFE05610061F6A7 /* ios-homework */ = {
			isa = PBXNativeTarget;
			buildConfigurationList = 44FBD0AA2AFE05630061F6A7 /* Build configuration list for PBXNativeTarget "ios-homework" */;
			buildPhases = (
				44FBD08F2AFE05610061F6A7 /* Sources */,
				44FBD0902AFE05610061F6A7 /* Frameworks */,
				44FBD0912AFE05610061F6A7 /* Resources */,
			);
			buildRules = (
			);
			dependencies = (
			);
			name = "ios-homework";
			productName = "ios-homework";
			productReference = 44FBD0932AFE05610061F6A7 /* ios-homework.app */;
			productType = "com.apple.product-type.application";
		};
/* End PBXNativeTarget section */

/* Begin PBXProject section */
		44FBD08B2AFE05610061F6A7 /* Project object */ = {
			isa = PBXProject;
			attributes = {
				BuildIndependentTargetsInParallel = 1;
				LastSwiftUpdateCheck = 1500;
				LastUpgradeCheck = 1500;
				TargetAttributes = {
					44FBD0922AFE05610061F6A7 = {
						CreatedOnToolsVersion = 15.0.1;
					};
				};
			};
			buildConfigurationList = 44FBD08E2AFE05610061F6A7 /* Build configuration list for PBXProject "ios-homework" */;
			compatibilityVersion = "Xcode 14.0";
			developmentRegion = en;
			hasScannedForEncodings = 0;
			knownRegions = (
				en,
				Base,
			);
			mainGroup = 44FBD08A2AFE05610061F6A7;
			productRefGroup = 44FBD0942AFE05610061F6A7 /* Products */;
			projectDirPath = "";
			projectRoot = "";
			targets = (
				44FBD0922AFE05610061F6A7 /* ios-homework */,
			);
		};
/* End PBXProject section */

/* Begin PBXResourcesBuildPhase section */
		44FBD0912AFE05610061F6A7 /* Resources */ = {
			isa = PBXResourcesBuildPhase;
			buildActionMask = 2147483647;
			files = (
				44FBD0A62AFE05630061F6A7 /* LaunchScreen.storyboard in Resources */,
				44FBD0A32AFE05630061F6A7 /* Assets.xcassets in Resources */,
				44FBD09E2AFE05610061F6A7 /* Main.storyboard in Resources */,
			);
			runOnlyForDeploymentPostprocessing = 0;
		};
/* End PBXResourcesBuildPhase section */

/* Begin PBXSourcesBuildPhase section */
		44FBD08F2AFE05610061F6A7 /* Sources */ = {
			isa = PBXSourcesBuildPhase;
			buildActionMask = 2147483647;
			files = (
				4414896F2B025A5200A49BB5 /* task2ViewController.swift in Sources */,
				44FBD09B2AFE05610061F6A7 /* ViewController.swift in Sources */,
				4414896B2B0248E200A49BB5 /* task1ViewController.swift in Sources */,
				44FBD0972AFE05610061F6A7 /* AppDelegate.swift in Sources */,
				44FBD0992AFE05610061F6A7 /* SceneDelegate.swift in Sources */,
				441489712B025C6F00A49BB5 /* ChangeColorViewController.swift in Sources */,
				44BC15072B0243120022EFE7 /* TabBarController.swift in Sources */,
				44FBD0A12AFE05610061F6A7 /* ios_homework.xcdatamodeld in Sources */,
				441489752B026D6B00A49BB5 /* ViewConteiner.swift in Sources */,
				4414896D2B02522B00A49BB5 /* GreenViewController.swift in Sources */,
				441489732B026D5A00A49BB5 /* task3ViewController.swift in Sources */,
				447058CA2B02991D006AB7C1 /* ChildViewController.swift in Sources */,
			);
			runOnlyForDeploymentPostprocessing = 0;
		};
/* End PBXSourcesBuildPhase section */

/* Begin PBXVariantGroup section */
		44FBD09C2AFE05610061F6A7 /* Main.storyboard */ = {
			isa = PBXVariantGroup;
			children = (
				44FBD09D2AFE05610061F6A7 /* Base */,
			);
			name = Main.storyboard;
			path = "ios-homework";
			sourceTree = SOURCE_ROOT;
		};
		44FBD0A42AFE05630061F6A7 /* LaunchScreen.storyboard */ = {
			isa = PBXVariantGroup;
			children = (
				44FBD0A52AFE05630061F6A7 /* Base */,
			);
			name = LaunchScreen.storyboard;
			sourceTree = "<group>";
		};
/* End PBXVariantGroup section */

/* Begin XCBuildConfiguration section */
		44FBD0A82AFE05630061F6A7 /* Debug */ = {
			isa = XCBuildConfiguration;
			buildSettings = {
				ALWAYS_SEARCH_USER_PATHS = NO;
				ASSETCATALOG_COMPILER_GENERATE_SWIFT_ASSET_SYMBOL_EXTENSIONS = YES;
				CLANG_ANALYZER_NONNULL = YES;
				CLANG_ANALYZER_NUMBER_OBJECT_CONVERSION = YES_AGGRESSIVE;
				CLANG_CXX_LANGUAGE_STANDARD = "gnu++20";
				CLANG_ENABLE_MODULES = YES;
				CLANG_ENABLE_OBJC_ARC = YES;
				CLANG_ENABLE_OBJC_WEAK = YES;
				CLANG_WARN_BLOCK_CAPTURE_AUTORELEASING = YES;
				CLANG_WARN_BOOL_CONVERSION = YES;
				CLANG_WARN_COMMA = YES;
				CLANG_WARN_CONSTANT_CONVERSION = YES;
				CLANG_WARN_DEPRECATED_OBJC_IMPLEMENTATIONS = YES;
				CLANG_WARN_DIRECT_OBJC_ISA_USAGE = YES_ERROR;
				CLANG_WARN_DOCUMENTATION_COMMENTS = YES;
				CLANG_WARN_EMPTY_BODY = YES;
				CLANG_WARN_ENUM_CONVERSION = YES;
				CLANG_WARN_INFINITE_RECURSION = YES;
				CLANG_WARN_INT_CONVERSION = YES;
				CLANG_WARN_NON_LITERAL_NULL_CONVERSION = YES;
				CLANG_WARN_OBJC_IMPLICIT_RETAIN_SELF = YES;
				CLANG_WARN_OBJC_LITERAL_CONVERSION = YES;
				CLANG_WARN_OBJC_ROOT_CLASS = YES_ERROR;
				CLANG_WARN_QUOTED_INCLUDE_IN_FRAMEWORK_HEADER = YES;
				CLANG_WARN_RANGE_LOOP_ANALYSIS = YES;
				CLANG_WARN_STRICT_PROTOTYPES = YES;
				CLANG_WARN_SUSPICIOUS_MOVE = YES;
				CLANG_WARN_UNGUARDED_AVAILABILITY = YES_AGGRESSIVE;
				CLANG_WARN_UNREACHABLE_CODE = YES;
				CLANG_WARN__DUPLICATE_METHOD_MATCH = YES;
				COPY_PHASE_STRIP = NO;
				DEBUG_INFORMATION_FORMAT = dwarf;
				ENABLE_STRICT_OBJC_MSGSEND = YES;
				ENABLE_TESTABILITY = YES;
				ENABLE_USER_SCRIPT_SANDBOXING = YES;
				GCC_C_LANGUAGE_STANDARD = gnu17;
				GCC_DYNAMIC_NO_PIC = NO;
				GCC_NO_COMMON_BLOCKS = YES;
				GCC_OPTIMIZATION_LEVEL = 0;
				GCC_PREPROCESSOR_DEFINITIONS = (
					"DEBUG=1",
					"$(inherited)",
				);
				GCC_WARN_64_TO_32_BIT_CONVERSION = YES;
				GCC_WARN_ABOUT_RETURN_TYPE = YES_ERROR;
				GCC_WARN_UNDECLARED_SELECTOR = YES;
				GCC_WARN_UNINITIALIZED_AUTOS = YES_AGGRESSIVE;
				GCC_WARN_UNUSED_FUNCTION = YES;
				GCC_WARN_UNUSED_VARIABLE = YES;
				IPHONEOS_DEPLOYMENT_TARGET = 17.0;
				LOCALIZATION_PREFERS_STRING_CATALOGS = YES;
				MTL_ENABLE_DEBUG_INFO = INCLUDE_SOURCE;
				MTL_FAST_MATH = YES;
				ONLY_ACTIVE_ARCH = YES;
				SDKROOT = iphoneos;
				SWIFT_ACTIVE_COMPILATION_CONDITIONS = "DEBUG $(inherited)";
				SWIFT_OPTIMIZATION_LEVEL = "-Onone";
			};
			name = Debug;
		};
		44FBD0A92AFE05630061F6A7 /* Release */ = {
			isa = XCBuildConfiguration;
			buildSettings = {
				ALWAYS_SEARCH_USER_PATHS = NO;
				ASSETCATALOG_COMPILER_GENERATE_SWIFT_ASSET_SYMBOL_EXTENSIONS = YES;
				CLANG_ANALYZER_NONNULL = YES;
				CLANG_ANALYZER_NUMBER_OBJECT_CONVERSION = YES_AGGRESSIVE;
				CLANG_CXX_LANGUAGE_STANDARD = "gnu++20";
				CLANG_ENABLE_MODULES = YES;
				CLANG_ENABLE_OBJC_ARC = YES;
				CLANG_ENABLE_OBJC_WEAK = YES;
				CLANG_WARN_BLOCK_CAPTURE_AUTORELEASING = YES;
				CLANG_WARN_BOOL_CONVERSION = YES;
				CLANG_WARN_COMMA = YES;
				CLANG_WARN_CONSTANT_CONVERSION = YES;
				CLANG_WARN_DEPRECATED_OBJC_IMPLEMENTATIONS = YES;
				CLANG_WARN_DIRECT_OBJC_ISA_USAGE = YES_ERROR;
				CLANG_WARN_DOCUMENTATION_COMMENTS = YES;
				CLANG_WARN_EMPTY_BODY = YES;
				CLANG_WARN_ENUM_CONVERSION = YES;
				CLANG_WARN_INFINITE_RECURSION = YES;
				CLANG_WARN_INT_CONVERSION = YES;
				CLANG_WARN_NON_LITERAL_NULL_CONVERSION = YES;
				CLANG_WARN_OBJC_IMPLICIT_RETAIN_SELF = YES;
				CLANG_WARN_OBJC_LITERAL_CONVERSION = YES;
				CLANG_WARN_OBJC_ROOT_CLASS = YES_ERROR;
				CLANG_WARN_QUOTED_INCLUDE_IN_FRAMEWORK_HEADER = YES;
				CLANG_WARN_RANGE_LOOP_ANALYSIS = YES;
				CLANG_WARN_STRICT_PROTOTYPES = YES;
				CLANG_WARN_SUSPICIOUS_MOVE = YES;
				CLANG_WARN_UNGUARDED_AVAILABILITY = YES_AGGRESSIVE;
				CLANG_WARN_UNREACHABLE_CODE = YES;
				CLANG_WARN__DUPLICATE_METHOD_MATCH = YES;
				COPY_PHASE_STRIP = NO;
				DEBUG_INFORMATION_FORMAT = "dwarf-with-dsym";
				ENABLE_NS_ASSERTIONS = NO;
				ENABLE_STRICT_OBJC_MSGSEND = YES;
				ENABLE_USER_SCRIPT_SANDBOXING = YES;
				GCC_C_LANGUAGE_STANDARD = gnu17;
				GCC_NO_COMMON_BLOCKS = YES;
				GCC_WARN_64_TO_32_BIT_CONVERSION = YES;
				GCC_WARN_ABOUT_RETURN_TYPE = YES_ERROR;
				GCC_WARN_UNDECLARED_SELECTOR = YES;
				GCC_WARN_UNINITIALIZED_AUTOS = YES_AGGRESSIVE;
				GCC_WARN_UNUSED_FUNCTION = YES;
				GCC_WARN_UNUSED_VARIABLE = YES;
				IPHONEOS_DEPLOYMENT_TARGET = 17.0;
				LOCALIZATION_PREFERS_STRING_CATALOGS = YES;
				MTL_ENABLE_DEBUG_INFO = NO;
				MTL_FAST_MATH = YES;
				SDKROOT = iphoneos;
				SWIFT_COMPILATION_MODE = wholemodule;
				VALIDATE_PRODUCT = YES;
			};
			name = Release;
		};
		44FBD0AB2AFE05630061F6A7 /* Debug */ = {
			isa = XCBuildConfiguration;
			buildSettings = {
				ASSETCATALOG_COMPILER_APPICON_NAME = AppIcon;
				ASSETCATALOG_COMPILER_GLOBAL_ACCENT_COLOR_NAME = AccentColor;
				CODE_SIGN_STYLE = Automatic;
				CURRENT_PROJECT_VERSION = 1;
				DEVELOPMENT_TEAM = GAVDTRGBHR;
				GENERATE_INFOPLIST_FILE = YES;
				INFOPLIST_FILE = "ios-homework/Info.plist";
				INFOPLIST_KEY_UIApplicationSupportsIndirectInputEvents = YES;
				INFOPLIST_KEY_UILaunchStoryboardName = LaunchScreen;
				INFOPLIST_KEY_UIMainStoryboardFile = Main;
				INFOPLIST_KEY_UISupportedInterfaceOrientations_iPad = "UIInterfaceOrientationPortrait UIInterfaceOrientationPortraitUpsideDown UIInterfaceOrientationLandscapeLeft UIInterfaceOrientationLandscapeRight";
				INFOPLIST_KEY_UISupportedInterfaceOrientations_iPhone = "UIInterfaceOrientationPortrait UIInterfaceOrientationLandscapeLeft UIInterfaceOrientationLandscapeRight";
				LD_RUNPATH_SEARCH_PATHS = (
					"$(inherited)",
					"@executable_path/Frameworks",
				);
				MARKETING_VERSION = 1.0;
				PRODUCT_BUNDLE_IDENTIFIER = "ruslan.ios-homework";
				PRODUCT_NAME = "$(TARGET_NAME)";
				SWIFT_EMIT_LOC_STRINGS = YES;
				SWIFT_VERSION = 5.0;
				TARGETED_DEVICE_FAMILY = "1,2";
			};
			name = Debug;
		};
		44FBD0AC2AFE05630061F6A7 /* Release */ = {
			isa = XCBuildConfiguration;
			buildSettings = {
				ASSETCATALOG_COMPILER_APPICON_NAME = AppIcon;
				ASSETCATALOG_COMPILER_GLOBAL_ACCENT_COLOR_NAME = AccentColor;
				CODE_SIGN_STYLE = Automatic;
				CURRENT_PROJECT_VERSION = 1;
				DEVELOPMENT_TEAM = GAVDTRGBHR;
				GENERATE_INFOPLIST_FILE = YES;
				INFOPLIST_FILE = "ios-homework/Info.plist";
				INFOPLIST_KEY_UIApplicationSupportsIndirectInputEvents = YES;
				INFOPLIST_KEY_UILaunchStoryboardName = LaunchScreen;
				INFOPLIST_KEY_UIMainStoryboardFile = Main;
				INFOPLIST_KEY_UISupportedInterfaceOrientations_iPad = "UIInterfaceOrientationPortrait UIInterfaceOrientationPortraitUpsideDown UIInterfaceOrientationLandscapeLeft UIInterfaceOrientationLandscapeRight";
				INFOPLIST_KEY_UISupportedInterfaceOrientations_iPhone = "UIInterfaceOrientationPortrait UIInterfaceOrientationLandscapeLeft UIInterfaceOrientationLandscapeRight";
				LD_RUNPATH_SEARCH_PATHS = (
					"$(inherited)",
					"@executable_path/Frameworks",
				);
				MARKETING_VERSION = 1.0;
				PRODUCT_BUNDLE_IDENTIFIER = "ruslan.ios-homework";
				PRODUCT_NAME = "$(TARGET_NAME)";
				SWIFT_EMIT_LOC_STRINGS = YES;
				SWIFT_VERSION = 5.0;
				TARGETED_DEVICE_FAMILY = "1,2";
			};
			name = Release;
		};
/* End XCBuildConfiguration section */

/* Begin XCConfigurationList section */
		44FBD08E2AFE05610061F6A7 /* Build configuration list for PBXProject "ios-homework" */ = {
			isa = XCConfigurationList;
			buildConfigurations = (
				44FBD0A82AFE05630061F6A7 /* Debug */,
				44FBD0A92AFE05630061F6A7 /* Release */,
			);
			defaultConfigurationIsVisible = 0;
			defaultConfigurationName = Release;
		};
		44FBD0AA2AFE05630061F6A7 /* Build configuration list for PBXNativeTarget "ios-homework" */ = {
			isa = XCConfigurationList;
			buildConfigurations = (
				44FBD0AB2AFE05630061F6A7 /* Debug */,
				44FBD0AC2AFE05630061F6A7 /* Release */,
			);
			defaultConfigurationIsVisible = 0;
			defaultConfigurationName = Release;
		};
/* End XCConfigurationList section */

/* Begin XCVersionGroup section */
		44FBD09F2AFE05610061F6A7 /* ios_homework.xcdatamodeld */ = {
			isa = XCVersionGroup;
			children = (
				44FBD0A02AFE05610061F6A7 /* ios_homework.xcdatamodel */,
			);
			currentVersion = 44FBD0A02AFE05610061F6A7 /* ios_homework.xcdatamodel */;
			path = ios_homework.xcdatamodeld;
			sourceTree = "<group>";
			versionGroupType = wrapper.xcdatamodel;
		};
/* End XCVersionGroup section */
	};
	rootObject = 44FBD08B2AFE05610061F6A7 /* Project object */;
}
